
Microsoft Visual Studio Solution File, Format Version 12.00
# Visual Studio Version 17
VisualStudioVersion = 17.0.31903.59
MinimumVisualStudioVersion = 10.0.40219.1
Project("{2150E333-8FDC-42A3-9474-1A3956D46DE8}") = "src", "src", "{827E0CD3-B72D-47B6-A68D-7590B98EB39B}"
EndProject
Project("{FAE04EC0-301F-11D3-BF4B-00C04F79EFBC}") = "SlowFlow.Core", "src\SlowFlow.Core\SlowFlow.Core.csproj", "{068A3704-3778-4C13-A83E-CF9257F0E5DF}"
EndProject
Project("{FAE04EC0-301F-11D3-BF4B-00C04F79EFBC}") = "SlowFlow.Infrastructure", "src\SlowFlow.Infrastructure\SlowFlow.Infrastructure.csproj", "{9861BB89-D9D3-45B1-A038-9C4EB9F6C125}"
EndProject
Project("{FAE04EC0-301F-11D3-BF4B-00C04F79EFBC}") = "SlowFlow.Web", "src\SlowFlow.Web\SlowFlow.Web.csproj", "{4A210B44-0C91-4FA0-BA4E-BB28A49A32A6}"
EndProject
Project("{2150E333-8FDC-42A3-9474-1A3956D46DE8}") = "tests", "tests", "{0AB3BF05-4346-4AA6-1389-037BE0695223}"
EndProject
Project("{FAE04EC0-301F-11D3-BF4B-00C04F79EFBC}") = "SlowFlow.Core.Tests", "tests\SlowFlow.Core.Tests\SlowFlow.Core.Tests.csproj", "{1975349D-37C1-4BBA-AF6D-E0F8219BC52D}"
EndProject
Project("{FAE04EC0-301F-11D3-BF4B-00C04F79EFBC}") = "SlowFlow.Infrastructure.Tests", "tests\SlowFlow.Infrastructure.Tests\SlowFlow.Infrastructure.Tests.csproj", "{9E74418C-DC6F-415A-B19E-C38F2215B1B4}"
EndProject
Project("{FAE04EC0-301F-11D3-BF4B-00C04F79EFBC}") = "SlowFlow.Web.Tests", "tests\SlowFlow.Web.Tests\SlowFlow.Web.Tests.csproj", "{51077B91-3AF1-4673-9315-3DA0699D09B3}"
EndProject
Global
	GlobalSection(SolutionConfigurationPlatforms) = preSolution
		Debug|Any CPU = Debug|Any CPU
		Debug|x64 = Debug|x64
		Debug|x86 = Debug|x86
		Release|Any CPU = Release|Any CPU
		Release|x64 = Release|x64
		Release|x86 = Release|x86
	EndGlobalSection
	GlobalSection(ProjectConfigurationPlatforms) = postSolution
		{068A3704-3778-4C13-A83E-CF9257F0E5DF}.Debug|Any CPU.ActiveCfg = Debug|Any CPU
		{068A3704-3778-4C13-A83E-CF9257F0E5DF}.Debug|Any CPU.Build.0 = Debug|Any CPU
		{068A3704-3778-4C13-A83E-CF9257F0E5DF}.Debug|x64.ActiveCfg = Debug|Any CPU
		{068A3704-3778-4C13-A83E-CF9257F0E5DF}.Debug|x64.Build.0 = Debug|Any CPU
		{068A3704-3778-4C13-A83E-CF9257F0E5DF}.Debug|x86.ActiveCfg = Debug|Any CPU
		{068A3704-3778-4C13-A83E-CF9257F0E5DF}.Debug|x86.Build.0 = Debug|Any CPU
		{068A3704-3778-4C13-A83E-CF9257F0E5DF}.Release|Any CPU.ActiveCfg = Release|Any CPU
		{068A3704-3778-4C13-A83E-CF9257F0E5DF}.Release|Any CPU.Build.0 = Release|Any CPU
		{068A3704-3778-4C13-A83E-CF9257F0E5DF}.Release|x64.ActiveCfg = Release|Any CPU
		{068A3704-3778-4C13-A83E-CF9257F0E5DF}.Release|x64.Build.0 = Release|Any CPU
		{068A3704-3778-4C13-A83E-CF9257F0E5DF}.Release|x86.ActiveCfg = Release|Any CPU
		{068A3704-3778-4C13-A83E-CF9257F0E5DF}.Release|x86.Build.0 = Release|Any CPU
		{9861BB89-D9D3-45B1-A038-9C4EB9F6C125}.Debug|Any CPU.ActiveCfg = Debug|Any CPU
		{9861BB89-D9D3-45B1-A038-9C4EB9F6C125}.Debug|Any CPU.Build.0 = Debug|Any CPU
		{9861BB89-D9D3-45B1-A038-9C4EB9F6C125}.Debug|x64.ActiveCfg = Debug|Any CPU
		{9861BB89-D9D3-45B1-A038-9C4EB9F6C125}.Debug|x64.Build.0 = Debug|Any CPU
		{9861BB89-D9D3-45B1-A038-9C4EB9F6C125}.Debug|x86.ActiveCfg = Debug|Any CPU
		{9861BB89-D9D3-45B1-A038-9C4EB9F6C125}.Debug|x86.Build.0 = Debug|Any CPU
		{9861BB89-D9D3-45B1-A038-9C4EB9F6C125}.Release|Any CPU.ActiveCfg = Release|Any CPU
		{9861BB89-D9D3-45B1-A038-9C4EB9F6C125}.Release|Any CPU.Build.0 = Release|Any CPU
		{9861BB89-D9D3-45B1-A038-9C4EB9F6C125}.Release|x64.ActiveCfg = Release|Any CPU
		{9861BB89-D9D3-45B1-A038-9C4EB9F6C125}.Release|x64.Build.0 = Release|Any CPU
		{9861BB89-D9D3-45B1-A038-9C4EB9F6C125}.Release|x86.ActiveCfg = Release|Any CPU
		{9861BB89-D9D3-45B1-A038-9C4EB9F6C125}.Release|x86.Build.0 = Release|Any CPU
		{4A210B44-0C91-4FA0-BA4E-BB28A49A32A6}.Debug|Any CPU.ActiveCfg = Debug|Any CPU
		{4A210B44-0C91-4FA0-BA4E-BB28A49A32A6}.Debug|Any CPU.Build.0 = Debug|Any CPU
		{4A210B44-0C91-4FA0-BA4E-BB28A49A32A6}.Debug|x64.ActiveCfg = Debug|Any CPU
		{4A210B44-0C91-4FA0-BA4E-BB28A49A32A6}.Debug|x64.Build.0 = Debug|Any CPU
		{4A210B44-0C91-4FA0-BA4E-BB28A49A32A6}.Debug|x86.ActiveCfg = Debug|Any CPU
		{4A210B44-0C91-4FA0-BA4E-BB28A49A32A6}.Debug|x86.Build.0 = Debug|Any CPU
		{4A210B44-0C91-4FA0-BA4E-BB28A49A32A6}.Release|Any CPU.ActiveCfg = Release|Any CPU
		{4A210B44-0C91-4FA0-BA4E-BB28A49A32A6}.Release|Any CPU.Build.0 = Release|Any CPU
		{4A210B44-0C91-4FA0-BA4E-BB28A49A32A6}.Release|x64.ActiveCfg = Release|Any CPU
		{4A210B44-0C91-4FA0-BA4E-BB28A49A32A6}.Release|x64.Build.0 = Release|Any CPU
		{4A210B44-0C91-4FA0-BA4E-BB28A49A32A6}.Release|x86.ActiveCfg = Release|Any CPU
		{4A210B44-0C91-4FA0-BA4E-BB28A49A32A6}.Release|x86.Build.0 = Release|Any CPU
		{1975349D-37C1-4BBA-AF6D-E0F8219BC52D}.Debug|Any CPU.ActiveCfg = Debug|Any CPU
		{1975349D-37C1-4BBA-AF6D-E0F8219BC52D}.Debug|Any CPU.Build.0 = Debug|Any CPU
		{1975349D-37C1-4BBA-AF6D-E0F8219BC52D}.Debug|x64.ActiveCfg = Debug|Any CPU
		{1975349D-37C1-4BBA-AF6D-E0F8219BC52D}.Debug|x64.Build.0 = Debug|Any CPU
		{1975349D-37C1-4BBA-AF6D-E0F8219BC52D}.Debug|x86.ActiveCfg = Debug|Any CPU
		{1975349D-37C1-4BBA-AF6D-E0F8219BC52D}.Debug|x86.Build.0 = Debug|Any CPU
		{1975349D-37C1-4BBA-AF6D-E0F8219BC52D}.Release|Any CPU.ActiveCfg = Release|Any CPU
		{1975349D-37C1-4BBA-AF6D-E0F8219BC52D}.Release|Any CPU.Build.0 = Release|Any CPU
		{1975349D-37C1-4BBA-AF6D-E0F8219BC52D}.Release|x64.ActiveCfg = Release|Any CPU
		{1975349D-37C1-4BBA-AF6D-E0F8219BC52D}.Release|x64.Build.0 = Release|Any CPU
		{1975349D-37C1-4BBA-AF6D-E0F8219BC52D}.Release|x86.ActiveCfg = Release|Any CPU
		{1975349D-37C1-4BBA-AF6D-E0F8219BC52D}.Release|x86.Build.0 = Release|Any CPU
		{9E74418C-DC6F-415A-B19E-C38F2215B1B4}.Debug|Any CPU.ActiveCfg = Debug|Any CPU
		{9E74418C-DC6F-415A-B19E-C38F2215B1B4}.Debug|Any CPU.Build.0 = Debug|Any CPU
		{9E74418C-DC6F-415A-B19E-C38F2215B1B4}.Debug|x64.ActiveCfg = Debug|Any CPU
		{9E74418C-DC6F-415A-B19E-C38F2215B1B4}.Debug|x64.Build.0 = Debug|Any CPU
		{9E74418C-DC6F-415A-B19E-C38F2215B1B4}.Debug|x86.ActiveCfg = Debug|Any CPU
		{9E74418C-DC6F-415A-B19E-C38F2215B1B4}.Debug|x86.Build.0 = Debug|Any CPU
		{9E74418C-DC6F-415A-B19E-C38F2215B1B4}.Release|Any CPU.ActiveCfg = Release|Any CPU
		{9E74418C-DC6F-415A-B19E-C38F2215B1B4}.Release|Any CPU.Build.0 = Release|Any CPU
		{9E74418C-DC6F-415A-B19E-C38F2215B1B4}.Release|x64.ActiveCfg = Release|Any CPU
		{9E74418C-DC6F-415A-B19E-C38F2215B1B4}.Release|x64.Build.0 = Release|Any CPU
		{9E74418C-DC6F-415A-B19E-C38F2215B1B4}.Release|x86.ActiveCfg = Release|Any CPU
		{9E74418C-DC6F-415A-B19E-C38F2215B1B4}.Release|x86.Build.0 = Release|Any CPU
		{51077B91-3AF1-4673-9315-3DA0699D09B3}.Debug|Any CPU.ActiveCfg = Debug|Any CPU
		{51077B91-3AF1-4673-9315-3DA0699D09B3}.Debug|Any CPU.Build.0 = Debug|Any CPU
		{51077B91-3AF1-4673-9315-3DA0699D09B3}.Debug|x64.ActiveCfg = Debug|Any CPU
		{51077B91-3AF1-4673-9315-3DA0699D09B3}.Debug|x64.Build.0 = Debug|Any CPU
		{51077B91-3AF1-4673-9315-3DA0699D09B3}.Debug|x86.ActiveCfg = Debug|Any CPU
		{51077B91-3AF1-4673-9315-3DA0699D09B3}.Debug|x86.Build.0 = Debug|Any CPU
		{51077B91-3AF1-4673-9315-3DA0699D09B3}.Release|Any CPU.ActiveCfg = Release|Any CPU
		{51077B91-3AF1-4673-9315-3DA0699D09B3}.Release|Any CPU.Build.0 = Release|Any CPU
		{51077B91-3AF1-4673-9315-3DA0699D09B3}.Release|x64.ActiveCfg = Release|Any CPU
		{51077B91-3AF1-4673-9315-3DA0699D09B3}.Release|x64.Build.0 = Release|Any CPU
		{51077B91-3AF1-4673-9315-3DA0699D09B3}.Release|x86.ActiveCfg = Release|Any CPU
		{51077B91-3AF1-4673-9315-3DA0699D09B3}.Release|x86.Build.0 = Release|Any CPU
	EndGlobalSection
	GlobalSection(SolutionProperties) = preSolution
		HideSolutionNode = FALSE
	EndGlobalSection
	GlobalSection(NestedProjects) = preSolution
		{068A3704-3778-4C13-A83E-CF9257F0E5DF} = {827E0CD3-B72D-47B6-A68D-7590B98EB39B}
		{9861BB89-D9D3-45B1-A038-9C4EB9F6C125} = {827E0CD3-B72D-47B6-A68D-7590B98EB39B}
		{4A210B44-0C91-4FA0-BA4E-BB28A49A32A6} = {827E0CD3-B72D-47B6-A68D-7590B98EB39B}
		{1975349D-37C1-4BBA-AF6D-E0F8219BC52D} = {0AB3BF05-4346-4AA6-1389-037BE0695223}
		{9E74418C-DC6F-415A-B19E-C38F2215B1B4} = {0AB3BF05-4346-4AA6-1389-037BE0695223}
		{51077B91-3AF1-4673-9315-3DA0699D09B3} = {0AB3BF05-4346-4AA6-1389-037BE0695223}
	EndGlobalSection
EndGlobal
